// !$*UTF8*$!
{
	archiveVersion = 1;
	classes = {
	};
	objectVersion = 48;
	objects = {

/* Begin PBXBuildFile section */
		F8D2DA661601110F059C1B66 /* libPods-See GO.a in Frameworks */ = {isa = PBXBuildFile; fileRef = BCEF74089B555C3B99FB4934 /* libPods-See GO.a */; };
		FE4AE5DB20D0875D0078600D /* GoogleService-Info.plist in Resources */ = {isa = PBXBuildFile; fileRef = FE4AE5DA20D0875D0078600D /* GoogleService-Info.plist */; };
		FE9DFF4120CA60BF00279C6B /* Story.swift in Sources */ = {isa = PBXBuildFile; fileRef = FE9DFF4020CA60BE00279C6B /* Story.swift */; };
		FEAD425920C6901400E25996 /* AppDelegate.swift in Sources */ = {isa = PBXBuildFile; fileRef = FEAD425820C6901400E25996 /* AppDelegate.swift */; };
		FEAD425E20C6901400E25996 /* Main.storyboard in Resources */ = {isa = PBXBuildFile; fileRef = FEAD425C20C6901400E25996 /* Main.storyboard */; };
		FEAD426020C6901600E25996 /* Assets.xcassets in Resources */ = {isa = PBXBuildFile; fileRef = FEAD425F20C6901600E25996 /* Assets.xcassets */; };
		FEAD426320C6901600E25996 /* LaunchScreen.storyboard in Resources */ = {isa = PBXBuildFile; fileRef = FEAD426120C6901600E25996 /* LaunchScreen.storyboard */; };
		FEAD426E20C6901600E25996 /* See_GOTests.swift in Sources */ = {isa = PBXBuildFile; fileRef = FEAD426D20C6901600E25996 /* See_GOTests.swift */; };
		FEC4FC0B20C6AC8B00837F48 /* MapViewController.swift in Sources */ = {isa = PBXBuildFile; fileRef = FEC4FC0A20C6AC8B00837F48 /* MapViewController.swift */; };
		FEF52F3020C782C1004DF382 /* StoryUploadController.swift in Sources */ = {isa = PBXBuildFile; fileRef = FEF52F2F20C782C0004DF382 /* StoryUploadController.swift */; };
/* End PBXBuildFile section */

/* Begin PBXContainerItemProxy section */
		FEAD426A20C6901600E25996 /* PBXContainerItemProxy */ = {
			isa = PBXContainerItemProxy;
			containerPortal = FEAD424D20C6901300E25996 /* Project object */;
			proxyType = 1;
			remoteGlobalIDString = FEAD425420C6901300E25996;
			remoteInfo = "See GO";
		};
/* End PBXContainerItemProxy section */

/* Begin PBXFileReference section */
		7C24C157A8925C147696B418 /* Pods-See GO.release.xcconfig */ = {isa = PBXFileReference; includeInIndex = 1; lastKnownFileType = text.xcconfig; name = "Pods-See GO.release.xcconfig"; path = "Pods/Target Support Files/Pods-See GO/Pods-See GO.release.xcconfig"; sourceTree = "<group>"; };
		8DE0E4485C52A368CCC2AF51 /* Pods-See GO.debug.xcconfig */ = {isa = PBXFileReference; includeInIndex = 1; lastKnownFileType = text.xcconfig; name = "Pods-See GO.debug.xcconfig"; path = "Pods/Target Support Files/Pods-See GO/Pods-See GO.debug.xcconfig"; sourceTree = "<group>"; };
		BCEF74089B555C3B99FB4934 /* libPods-See GO.a */ = {isa = PBXFileReference; explicitFileType = archive.ar; includeInIndex = 0; path = "libPods-See GO.a"; sourceTree = BUILT_PRODUCTS_DIR; };
		FE4AE5DA20D0875D0078600D /* GoogleService-Info.plist */ = {isa = PBXFileReference; fileEncoding = 4; lastKnownFileType = text.plist.xml; path = "GoogleService-Info.plist"; sourceTree = "<group>"; };
		FE9DFF4020CA60BE00279C6B /* Story.swift */ = {isa = PBXFileReference; fileEncoding = 4; lastKnownFileType = sourcecode.swift; path = Story.swift; sourceTree = "<group>"; };
		FEAD425520C6901400E25996 /* See GO.app */ = {isa = PBXFileReference; explicitFileType = wrapper.application; includeInIndex = 0; path = "See GO.app"; sourceTree = BUILT_PRODUCTS_DIR; };
		FEAD425820C6901400E25996 /* AppDelegate.swift */ = {isa = PBXFileReference; lastKnownFileType = sourcecode.swift; path = AppDelegate.swift; sourceTree = "<group>"; };
		FEAD425D20C6901400E25996 /* Base */ = {isa = PBXFileReference; lastKnownFileType = file.storyboard; name = Base; path = Base.lproj/Main.storyboard; sourceTree = "<group>"; };
		FEAD425F20C6901600E25996 /* Assets.xcassets */ = {isa = PBXFileReference; lastKnownFileType = folder.assetcatalog; path = Assets.xcassets; sourceTree = "<group>"; };
		FEAD426220C6901600E25996 /* Base */ = {isa = PBXFileReference; lastKnownFileType = file.storyboard; name = Base; path = Base.lproj/LaunchScreen.storyboard; sourceTree = "<group>"; };
		FEAD426420C6901600E25996 /* Info.plist */ = {isa = PBXFileReference; lastKnownFileType = text.plist.xml; path = Info.plist; sourceTree = "<group>"; };
		FEAD426920C6901600E25996 /* See GOTests.xctest */ = {isa = PBXFileReference; explicitFileType = wrapper.cfbundle; includeInIndex = 0; path = "See GOTests.xctest"; sourceTree = BUILT_PRODUCTS_DIR; };
		FEAD426D20C6901600E25996 /* See_GOTests.swift */ = {isa = PBXFileReference; lastKnownFileType = sourcecode.swift; path = See_GOTests.swift; sourceTree = "<group>"; };
		FEAD426F20C6901600E25996 /* Info.plist */ = {isa = PBXFileReference; lastKnownFileType = text.plist.xml; path = Info.plist; sourceTree = "<group>"; };
		FEC4FC0A20C6AC8B00837F48 /* MapViewController.swift */ = {isa = PBXFileReference; lastKnownFileType = sourcecode.swift; path = MapViewController.swift; sourceTree = "<group>"; };
		FEF52F2F20C782C0004DF382 /* StoryUploadController.swift */ = {isa = PBXFileReference; lastKnownFileType = sourcecode.swift; path = StoryUploadController.swift; sourceTree = "<group>"; };
/* End PBXFileReference section */

/* Begin PBXFrameworksBuildPhase section */
		FEAD425220C6901300E25996 /* Frameworks */ = {
			isa = PBXFrameworksBuildPhase;
			buildActionMask = 2147483647;
			files = (
				F8D2DA661601110F059C1B66 /* libPods-See GO.a in Frameworks */,
			);
			runOnlyForDeploymentPostprocessing = 0;
		};
		FEAD426620C6901600E25996 /* Frameworks */ = {
			isa = PBXFrameworksBuildPhase;
			buildActionMask = 2147483647;
			files = (
			);
			runOnlyForDeploymentPostprocessing = 0;
		};
/* End PBXFrameworksBuildPhase section */

/* Begin PBXGroup section */
		62F173BE106F5C1F1DEBEC55 /* Pods */ = {
			isa = PBXGroup;
			children = (
				8DE0E4485C52A368CCC2AF51 /* Pods-See GO.debug.xcconfig */,
				7C24C157A8925C147696B418 /* Pods-See GO.release.xcconfig */,
			);
			name = Pods;
			sourceTree = "<group>";
		};
		D0CE34002349ADF435E40E02 /* Frameworks */ = {
			isa = PBXGroup;
			children = (
				BCEF74089B555C3B99FB4934 /* libPods-See GO.a */,
			);
			name = Frameworks;
			sourceTree = "<group>";
		};
		FE9DFF3A20CA391900279C6B /* Controllers */ = {
			isa = PBXGroup;
			children = (
				FEC4FC0A20C6AC8B00837F48 /* MapViewController.swift */,
				FEF52F2F20C782C0004DF382 /* StoryUploadController.swift */,
			);
			path = Controllers;
			sourceTree = "<group>";
		};
		FE9DFF3B20CA393200279C6B /* Models */ = {
			isa = PBXGroup;
			children = (
				FE9DFF4020CA60BE00279C6B /* Story.swift */,
			);
			path = Models;
			sourceTree = "<group>";
		};
		FEAD424C20C6901300E25996 = {
			isa = PBXGroup;
			children = (
				FEAD425720C6901400E25996 /* See GO */,
				FEAD426C20C6901600E25996 /* See GOTests */,
				FEAD425620C6901400E25996 /* Products */,
				62F173BE106F5C1F1DEBEC55 /* Pods */,
				D0CE34002349ADF435E40E02 /* Frameworks */,
			);
			sourceTree = "<group>";
		};
		FEAD425620C6901400E25996 /* Products */ = {
			isa = PBXGroup;
			children = (
				FEAD425520C6901400E25996 /* See GO.app */,
				FEAD426920C6901600E25996 /* See GOTests.xctest */,
			);
			name = Products;
			sourceTree = "<group>";
		};
		FEAD425720C6901400E25996 /* See GO */ = {
			isa = PBXGroup;
			children = (
				FEAD425820C6901400E25996 /* AppDelegate.swift */,
				FE9DFF3B20CA393200279C6B /* Models */,
				FE9DFF3A20CA391900279C6B /* Controllers */,
				FEAD425C20C6901400E25996 /* Main.storyboard */,
				FEAD425F20C6901600E25996 /* Assets.xcassets */,
				FEAD426120C6901600E25996 /* LaunchScreen.storyboard */,
				FEAD426420C6901600E25996 /* Info.plist */,
				FE4AE5DA20D0875D0078600D /* GoogleService-Info.plist */,
			);
			path = "See GO";
			sourceTree = "<group>";
		};
		FEAD426C20C6901600E25996 /* See GOTests */ = {
			isa = PBXGroup;
			children = (
				FEAD426D20C6901600E25996 /* See_GOTests.swift */,
				FEAD426F20C6901600E25996 /* Info.plist */,
			);
			path = "See GOTests";
			sourceTree = "<group>";
		};
/* End PBXGroup section */

/* Begin PBXNativeTarget section */
		FEAD425420C6901300E25996 /* See GO */ = {
			isa = PBXNativeTarget;
			buildConfigurationList = FEAD427220C6901600E25996 /* Build configuration list for PBXNativeTarget "See GO" */;
			buildPhases = (
				0CDAB0466B9FAE76CCD328D1 /* [CP] Check Pods Manifest.lock */,
				FEAD425120C6901300E25996 /* Sources */,
				FEAD425220C6901300E25996 /* Frameworks */,
				FEAD425320C6901300E25996 /* Resources */,
				AC49CD3513C47EA88C4B8E17 /* [CP] Embed Pods Frameworks */,
				B2CC964185F1041B0F081668 /* [CP] Copy Pods Resources */,
			);
			buildRules = (
			);
			dependencies = (
			);
			name = "See GO";
			productName = "See GO";
			productReference = FEAD425520C6901400E25996 /* See GO.app */;
			productType = "com.apple.product-type.application";
		};
		FEAD426820C6901600E25996 /* See GOTests */ = {
			isa = PBXNativeTarget;
			buildConfigurationList = FEAD427520C6901600E25996 /* Build configuration list for PBXNativeTarget "See GOTests" */;
			buildPhases = (
				FEAD426520C6901600E25996 /* Sources */,
				FEAD426620C6901600E25996 /* Frameworks */,
				FEAD426720C6901600E25996 /* Resources */,
			);
			buildRules = (
			);
			dependencies = (
				FEAD426B20C6901600E25996 /* PBXTargetDependency */,
			);
			name = "See GOTests";
			productName = "See GOTests";
			productReference = FEAD426920C6901600E25996 /* See GOTests.xctest */;
			productType = "com.apple.product-type.bundle.unit-test";
		};
/* End PBXNativeTarget section */

/* Begin PBXProject section */
		FEAD424D20C6901300E25996 /* Project object */ = {
			isa = PBXProject;
			attributes = {
				LastSwiftUpdateCheck = 0940;
				LastUpgradeCheck = 0940;
				TargetAttributes = {
					FEAD425420C6901300E25996 = {
						CreatedOnToolsVersion = 9.4;
						ProvisioningStyle = Automatic;
					};
					FEAD426820C6901600E25996 = {
						CreatedOnToolsVersion = 9.4;
						ProvisioningStyle = Automatic;
						TestTargetID = FEAD425420C6901300E25996;
					};
				};
			};
			buildConfigurationList = FEAD425020C6901300E25996 /* Build configuration list for PBXProject "See GO" */;
			compatibilityVersion = "Xcode 8.0";
			developmentRegion = en;
			hasScannedForEncodings = 0;
			knownRegions = (
				en,
				Base,
			);
			mainGroup = FEAD424C20C6901300E25996;
			productRefGroup = FEAD425620C6901400E25996 /* Products */;
			projectDirPath = "";
			projectRoot = "";
			targets = (
				FEAD425420C6901300E25996 /* See GO */,
				FEAD426820C6901600E25996 /* See GOTests */,
			);
		};
/* End PBXProject section */

/* Begin PBXResourcesBuildPhase section */
		FEAD425320C6901300E25996 /* Resources */ = {
			isa = PBXResourcesBuildPhase;
			buildActionMask = 2147483647;
			files = (
				FEAD426320C6901600E25996 /* LaunchScreen.storyboard in Resources */,
				FE4AE5DB20D0875D0078600D /* GoogleService-Info.plist in Resources */,
				FEAD426020C6901600E25996 /* Assets.xcassets in Resources */,
				FEAD425E20C6901400E25996 /* Main.storyboard in Resources */,
			);
			runOnlyForDeploymentPostprocessing = 0;
		};
		FEAD426720C6901600E25996 /* Resources */ = {
			isa = PBXResourcesBuildPhase;
			buildActionMask = 2147483647;
			files = (
			);
			runOnlyForDeploymentPostprocessing = 0;
		};
/* End PBXResourcesBuildPhase section */

/* Begin PBXShellScriptBuildPhase section */
		0CDAB0466B9FAE76CCD328D1 /* [CP] Check Pods Manifest.lock */ = {
			isa = PBXShellScriptBuildPhase;
			buildActionMask = 2147483647;
			files = (
			);
			inputPaths = (
				"${PODS_PODFILE_DIR_PATH}/Podfile.lock",
				"${PODS_ROOT}/Manifest.lock",
			);
			name = "[CP] Check Pods Manifest.lock";
			outputPaths = (
				"$(DERIVED_FILE_DIR)/Pods-See GO-checkManifestLockResult.txt",
			);
			runOnlyForDeploymentPostprocessing = 0;
			shellPath = /bin/sh;
			shellScript = "diff \"${PODS_PODFILE_DIR_PATH}/Podfile.lock\" \"${PODS_ROOT}/Manifest.lock\" > /dev/null\nif [ $? != 0 ] ; then\n    # print error to STDERR\n    echo \"error: The sandbox is not in sync with the Podfile.lock. Run 'pod install' or update your CocoaPods installation.\" >&2\n    exit 1\nfi\n# This output is used by Xcode 'outputs' to avoid re-running this script phase.\necho \"SUCCESS\" > \"${SCRIPT_OUTPUT_FILE_0}\"\n";
			showEnvVarsInLog = 0;
		};
		AC49CD3513C47EA88C4B8E17 /* [CP] Embed Pods Frameworks */ = {
			isa = PBXShellScriptBuildPhase;
			buildActionMask = 2147483647;
			files = (
			);
			inputPaths = (
			);
			name = "[CP] Embed Pods Frameworks";
			outputPaths = (
			);
			runOnlyForDeploymentPostprocessing = 0;
			shellPath = /bin/sh;
			shellScript = "\"${SRCROOT}/Pods/Target Support Files/Pods-See GO/Pods-See GO-frameworks.sh\"\n";
			showEnvVarsInLog = 0;
		};
		B2CC964185F1041B0F081668 /* [CP] Copy Pods Resources */ = {
			isa = PBXShellScriptBuildPhase;
			buildActionMask = 2147483647;
			files = (
			);
			inputPaths = (
				"${SRCROOT}/Pods/Target Support Files/Pods-See GO/Pods-See GO-resources.sh",
				"${PODS_ROOT}/GoogleMaps/Maps/Frameworks/GoogleMaps.framework/Resources/GoogleMaps.bundle",
				"${PODS_ROOT}/GooglePlaces/Frameworks/GooglePlaces.framework/Resources/GooglePlaces.bundle",
			);
			name = "[CP] Copy Pods Resources";
			outputPaths = (
				"${TARGET_BUILD_DIR}/${UNLOCALIZED_RESOURCES_FOLDER_PATH}/GoogleMaps.bundle",
				"${TARGET_BUILD_DIR}/${UNLOCALIZED_RESOURCES_FOLDER_PATH}/GooglePlaces.bundle",
			);
			runOnlyForDeploymentPostprocessing = 0;
			shellPath = /bin/sh;
			shellScript = "\"${SRCROOT}/Pods/Target Support Files/Pods-See GO/Pods-See GO-resources.sh\"\n";
			showEnvVarsInLog = 0;
		};
/* End PBXShellScriptBuildPhase section */

/* Begin PBXSourcesBuildPhase section */
		FEAD425120C6901300E25996 /* Sources */ = {
			isa = PBXSourcesBuildPhase;
			buildActionMask = 2147483647;
			files = (
				FEAD425920C6901400E25996 /* AppDelegate.swift in Sources */,
				FEC4FC0B20C6AC8B00837F48 /* MapViewController.swift in Sources */,
				FEF52F3020C782C1004DF382 /* StoryUploadController.swift in Sources */,
				FE9DFF4120CA60BF00279C6B /* Story.swift in Sources */,
			);
			runOnlyForDeploymentPostprocessing = 0;
		};
		FEAD426520C6901600E25996 /* Sources */ = {
			isa = PBXSourcesBuildPhase;
			buildActionMask = 2147483647;
			files = (
				FEAD426E20C6901600E25996 /* See_GOTests.swift in Sources */,
			);
			runOnlyForDeploymentPostprocessing = 0;
		};
/* End PBXSourcesBuildPhase section */

/* Begin PBXTargetDependency section */
		FEAD426B20C6901600E25996 /* PBXTargetDependency */ = {
			isa = PBXTargetDependency;
			target = FEAD425420C6901300E25996 /* See GO */;
			targetProxy = FEAD426A20C6901600E25996 /* PBXContainerItemProxy */;
		};
/* End PBXTargetDependency section */

/* Begin PBXVariantGroup section */
		FEAD425C20C6901400E25996 /* Main.storyboard */ = {
			isa = PBXVariantGroup;
			children = (
				FEAD425D20C6901400E25996 /* Base */,
			);
			name = Main.storyboard;
			sourceTree = "<group>";
		};
		FEAD426120C6901600E25996 /* LaunchScreen.storyboard */ = {
			isa = PBXVariantGroup;
			children = (
				FEAD426220C6901600E25996 /* Base */,
			);
			name = LaunchScreen.storyboard;
			sourceTree = "<group>";
		};
/* End PBXVariantGroup section */

/* Begin XCBuildConfiguration section */
		FEAD427020C6901600E25996 /* Debug */ = {
			isa = XCBuildConfiguration;
			buildSettings = {
				ALWAYS_SEARCH_USER_PATHS = NO;
				CLANG_ANALYZER_NONNULL = YES;
				CLANG_ANALYZER_NUMBER_OBJECT_CONVERSION = YES_AGGRESSIVE;
				CLANG_CXX_LANGUAGE_STANDARD = "gnu++14";
				CLANG_CXX_LIBRARY = "libc++";
				CLANG_ENABLE_MODULES = YES;
				CLANG_ENABLE_OBJC_ARC = YES;
				CLANG_ENABLE_OBJC_WEAK = YES;
				CLANG_WARN_BLOCK_CAPTURE_AUTORELEASING = YES;
				CLANG_WARN_BOOL_CONVERSION = YES;
				CLANG_WARN_COMMA = YES;
				CLANG_WARN_CONSTANT_CONVERSION = YES;
				CLANG_WARN_DEPRECATED_OBJC_IMPLEMENTATIONS = YES;
				CLANG_WARN_DIRECT_OBJC_ISA_USAGE = YES_ERROR;
				CLANG_WARN_DOCUMENTATION_COMMENTS = YES;
				CLANG_WARN_EMPTY_BODY = YES;
				CLANG_WARN_ENUM_CONVERSION = YES;
				CLANG_WARN_INFINITE_RECURSION = YES;
				CLANG_WARN_INT_CONVERSION = YES;
				CLANG_WARN_NON_LITERAL_NULL_CONVERSION = YES;
				CLANG_WARN_OBJC_IMPLICIT_RETAIN_SELF = YES;
				CLANG_WARN_OBJC_LITERAL_CONVERSION = YES;
				CLANG_WARN_OBJC_ROOT_CLASS = YES_ERROR;
				CLANG_WARN_RANGE_LOOP_ANALYSIS = YES;
				CLANG_WARN_STRICT_PROTOTYPES = YES;
				CLANG_WARN_SUSPICIOUS_MOVE = YES;
				CLANG_WARN_UNGUARDED_AVAILABILITY = YES_AGGRESSIVE;
				CLANG_WARN_UNREACHABLE_CODE = YES;
				CLANG_WARN__DUPLICATE_METHOD_MATCH = YES;
				CODE_SIGN_IDENTITY = "iPhone Developer";
				COPY_PHASE_STRIP = NO;
				DEBUG_INFORMATION_FORMAT = dwarf;
				ENABLE_STRICT_OBJC_MSGSEND = YES;
				ENABLE_TESTABILITY = YES;
				GCC_C_LANGUAGE_STANDARD = gnu11;
				GCC_DYNAMIC_NO_PIC = NO;
				GCC_NO_COMMON_BLOCKS = YES;
				GCC_OPTIMIZATION_LEVEL = 0;
				GCC_PREPROCESSOR_DEFINITIONS = (
					"DEBUG=1",
					"$(inherited)",
				);
				GCC_WARN_64_TO_32_BIT_CONVERSION = YES;
				GCC_WARN_ABOUT_RETURN_TYPE = YES_ERROR;
				GCC_WARN_UNDECLARED_SELECTOR = YES;
				GCC_WARN_UNINITIALIZED_AUTOS = YES_AGGRESSIVE;
				GCC_WARN_UNUSED_FUNCTION = YES;
				GCC_WARN_UNUSED_VARIABLE = YES;
				IPHONEOS_DEPLOYMENT_TARGET = 11.4;
				MTL_ENABLE_DEBUG_INFO = YES;
				ONLY_ACTIVE_ARCH = YES;
				SDKROOT = iphoneos;
				SWIFT_ACTIVE_COMPILATION_CONDITIONS = DEBUG;
				SWIFT_OPTIMIZATION_LEVEL = "-Onone";
			};
			name = Debug;
		};
		FEAD427120C6901600E25996 /* Release */ = {
			isa = XCBuildConfiguration;
			buildSettings = {
				ALWAYS_SEARCH_USER_PATHS = NO;
				CLANG_ANALYZER_NONNULL = YES;
				CLANG_ANALYZER_NUMBER_OBJECT_CONVERSION = YES_AGGRESSIVE;
				CLANG_CXX_LANGUAGE_STANDARD = "gnu++14";
				CLANG_CXX_LIBRARY = "libc++";
				CLANG_ENABLE_MODULES = YES;
				CLANG_ENABLE_OBJC_ARC = YES;
				CLANG_ENABLE_OBJC_WEAK = YES;
				CLANG_WARN_BLOCK_CAPTURE_AUTORELEASING = YES;
				CLANG_WARN_BOOL_CONVERSION = YES;
				CLANG_WARN_COMMA = YES;
				CLANG_WARN_CONSTANT_CONVERSION = YES;
				CLANG_WARN_DEPRECATED_OBJC_IMPLEMENTATIONS = YES;
				CLANG_WARN_DIRECT_OBJC_ISA_USAGE = YES_ERROR;
				CLANG_WARN_DOCUMENTATION_COMMENTS = YES;
				CLANG_WARN_EMPTY_BODY = YES;
				CLANG_WARN_ENUM_CONVERSION = YES;
				CLANG_WARN_INFINITE_RECURSION = YES;
				CLANG_WARN_INT_CONVERSION = YES;
				CLANG_WARN_NON_LITERAL_NULL_CONVERSION = YES;
				CLANG_WARN_OBJC_IMPLICIT_RETAIN_SELF = YES;
				CLANG_WARN_OBJC_LITERAL_CONVERSION = YES;
				CLANG_WARN_OBJC_ROOT_CLASS = YES_ERROR;
				CLANG_WARN_RANGE_LOOP_ANALYSIS = YES;
				CLANG_WARN_STRICT_PROTOTYPES = YES;
				CLANG_WARN_SUSPICIOUS_MOVE = YES;
				CLANG_WARN_UNGUARDED_AVAILABILITY = YES_AGGRESSIVE;
				CLANG_WARN_UNREACHABLE_CODE = YES;
				CLANG_WARN__DUPLICATE_METHOD_MATCH = YES;
				CODE_SIGN_IDENTITY = "iPhone Developer";
				COPY_PHASE_STRIP = NO;
				DEBUG_INFORMATION_FORMAT = "dwarf-with-dsym";
				ENABLE_NS_ASSERTIONS = NO;
				ENABLE_STRICT_OBJC_MSGSEND = YES;
				GCC_C_LANGUAGE_STANDARD = gnu11;
				GCC_NO_COMMON_BLOCKS = YES;
				GCC_WARN_64_TO_32_BIT_CONVERSION = YES;
				GCC_WARN_ABOUT_RETURN_TYPE = YES_ERROR;
				GCC_WARN_UNDECLARED_SELECTOR = YES;
				GCC_WARN_UNINITIALIZED_AUTOS = YES_AGGRESSIVE;
				GCC_WARN_UNUSED_FUNCTION = YES;
				GCC_WARN_UNUSED_VARIABLE = YES;
				IPHONEOS_DEPLOYMENT_TARGET = 11.4;
				MTL_ENABLE_DEBUG_INFO = NO;
				SDKROOT = iphoneos;
				SWIFT_OPTIMIZATION_LEVEL = "-Owholemodule";
				VALIDATE_PRODUCT = YES;
			};
			name = Release;
		};
		FEAD427320C6901600E25996 /* Debug */ = {
			isa = XCBuildConfiguration;
			baseConfigurationReference = 8DE0E4485C52A368CCC2AF51 /* Pods-See GO.debug.xcconfig */;
			buildSettings = {
				ASSETCATALOG_COMPILER_APPICON_NAME = AppIcon;
				CODE_SIGN_STYLE = Automatic;
				INFOPLIST_FILE = "See GO/Info.plist";
				LD_RUNPATH_SEARCH_PATHS = "$(inherited) @executable_path/Frameworks";
				PRODUCT_BUNDLE_IDENTIFIER = "com.bored.See-GO";
				PRODUCT_NAME = "$(TARGET_NAME)";
				SWIFT_VERSION = 4.0;
				TARGETED_DEVICE_FAMILY = "1,2";
			};
			name = Debug;
		};
		FEAD427420C6901600E25996 /* Release */ = {
			isa = XCBuildConfiguration;
			baseConfigurationReference = 7C24C157A8925C147696B418 /* Pods-See GO.release.xcconfig */;
			buildSettings = {
				ASSETCATALOG_COMPILER_APPICON_NAME = AppIcon;
				CODE_SIGN_STYLE = Automatic;
				INFOPLIST_FILE = "See GO/Info.plist";
				LD_RUNPATH_SEARCH_PATHS = "$(inherited) @executable_path/Frameworks";
				PRODUCT_BUNDLE_IDENTIFIER = "com.bored.See-GO";
				PRODUCT_NAME = "$(TARGET_NAME)";
				SWIFT_VERSION = 4.0;
				TARGETED_DEVICE_FAMILY = "1,2";
			};
			name = Release;
		};
		FEAD427620C6901600E25996 /* Debug */ = {
			isa = XCBuildConfiguration;
			buildSettings = {
				ALWAYS_EMBED_SWIFT_STANDARD_LIBRARIES = YES;
				BUNDLE_LOADER = "$(TEST_HOST)";
				CODE_SIGN_STYLE = Automatic;
				INFOPLIST_FILE = "See GOTests/Info.plist";
				LD_RUNPATH_SEARCH_PATHS = "$(inherited) @executable_path/Frameworks @loader_path/Frameworks";
				PRODUCT_BUNDLE_IDENTIFIER = "bored.See-GOTests";
				PRODUCT_NAME = "$(TARGET_NAME)";
				SWIFT_VERSION = 4.0;
				TARGETED_DEVICE_FAMILY = "1,2";
				TEST_HOST = "$(BUILT_PRODUCTS_DIR)/See GO.app/See GO";
			};
			name = Debug;
		};
		FEAD427720C6901600E25996 /* Release */ = {
			isa = XCBuildConfiguration;
			buildSettings = {
				ALWAYS_EMBED_SWIFT_STANDARD_LIBRARIES = YES;
				BUNDLE_LOADER = "$(TEST_HOST)";
				CODE_SIGN_STYLE = Automatic;
				INFOPLIST_FILE = "See GOTests/Info.plist";
				LD_RUNPATH_SEARCH_PATHS = "$(inherited) @executable_path/Frameworks @loader_path/Frameworks";
				PRODUCT_BUNDLE_IDENTIFIER = "bored.See-GOTests";
				PRODUCT_NAME = "$(TARGET_NAME)";
				SWIFT_VERSION = 4.0;
				TARGETED_DEVICE_FAMILY = "1,2";
				TEST_HOST = "$(BUILT_PRODUCTS_DIR)/See GO.app/See GO";
			};
			name = Release;
		};
/* End XCBuildConfiguration section */

/* Begin XCConfigurationList section */
		FEAD425020C6901300E25996 /* Build configuration list for PBXProject "See GO" */ = {
			isa = XCConfigurationList;
			buildConfigurations = (
				FEAD427020C6901600E25996 /* Debug */,
				FEAD427120C6901600E25996 /* Release */,
			);
			defaultConfigurationIsVisible = 0;
			defaultConfigurationName = Release;
		};
		FEAD427220C6901600E25996 /* Build configuration list for PBXNativeTarget "See GO" */ = {
			isa = XCConfigurationList;
			buildConfigurations = (
				FEAD427320C6901600E25996 /* Debug */,
				FEAD427420C6901600E25996 /* Release */,
			);
			defaultConfigurationIsVisible = 0;
			defaultConfigurationName = Release;
		};
		FEAD427520C6901600E25996 /* Build configuration list for PBXNativeTarget "See GOTests" */ = {
			isa = XCConfigurationList;
			buildConfigurations = (
				FEAD427620C6901600E25996 /* Debug */,
				FEAD427720C6901600E25996 /* Release */,
			);
			defaultConfigurationIsVisible = 0;
			defaultConfigurationName = Release;
		};
/* End XCConfigurationList section */
	};
	rootObject = FEAD424D20C6901300E25996 /* Project object */;
}
